
Microsoft Visual Studio Solution File, Format Version 12.00
# Visual Studio 15
VisualStudioVersion = 15.0.28010.0
MinimumVisualStudioVersion = 10.0.40219.1
Project("{FAE04EC0-301F-11D3-BF4B-00C04F79EFBC}") = "AutoGit.Console", "AutoGit.Console\AutoGit.Console.csproj", "{62DA7DD1-31FA-4B7D-B481-7454D00956B0}"
EndProject
Global
	GlobalSection(SolutionConfigurationPlatforms) = preSolution
		Debug|Any CPU = Debug|Any CPU
		Release|Any CPU = Release|Any CPU
	EndGlobalSection
	GlobalSection(ProjectConfigurationPlatforms) = postSolution
		{62DA7DD1-31FA-4B7D-B481-7454D00956B0}.Debug|Any CPU.ActiveCfg = Debug|Any CPU
		{62DA7DD1-31FA-4B7D-B481-7454D00956B0}.Debug|Any CPU.Build.0 = Debug|Any CPU
		{62DA7DD1-31FA-4B7D-B481-7454D00956B0}.Release|Any CPU.ActiveCfg = Release|Any CPU
		{62DA7DD1-31FA-4B7D-B481-7454D00956B0}.Release|Any CPU.Build.0 = Release|Any CPU
	EndGlobalSection
	GlobalSection(SolutionProperties) = preSolution
		HideSolutionNode = FALSE
	EndGlobalSection
	GlobalSection(ExtensibilityGlobals) = postSolution
		SolutionGuid = {E4F9E859-D7F1-44E4-B015-CCB2CA73D4CC}
	EndGlobalSection
EndGlobal
