
Microsoft Visual Studio Solution File, Format Version 12.00
# Visual Studio 15
VisualStudioVersion = 15.0.28010.0
MinimumVisualStudioVersion = 10.0.40219.1
Project("{2150E333-8FDC-42A3-9474-1A3956D46DE8}") = "Solution Items", "Solution Items", "{D75D4D59-4CA5-4837-BA78-62C08E72D80C}"
	ProjectSection(SolutionItems) = preProject
		Readme.md = Readme.md
	EndProjectSection
EndProject
Project("{6EC3EE1D-3C4E-46DD-8F32-0CC8E7565705}") = "AutoGit.Fsharp", "AutoGit.Fsharp\AutoGit.Fsharp.fsproj", "{53322801-C0E4-4B8E-9BE5-0094F1763330}"
EndProject
Global
	GlobalSection(SolutionConfigurationPlatforms) = preSolution
		Debug|Any CPU = Debug|Any CPU
		Release|Any CPU = Release|Any CPU
	EndGlobalSection
	GlobalSection(ProjectConfigurationPlatforms) = postSolution
		{53322801-C0E4-4B8E-9BE5-0094F1763330}.Debug|Any CPU.ActiveCfg = Debug|Any CPU
		{53322801-C0E4-4B8E-9BE5-0094F1763330}.Debug|Any CPU.Build.0 = Debug|Any CPU
		{53322801-C0E4-4B8E-9BE5-0094F1763330}.Release|Any CPU.ActiveCfg = Release|Any CPU
		{53322801-C0E4-4B8E-9BE5-0094F1763330}.Release|Any CPU.Build.0 = Release|Any CPU
	EndGlobalSection
	GlobalSection(SolutionProperties) = preSolution
		HideSolutionNode = FALSE
	EndGlobalSection
	GlobalSection(ExtensibilityGlobals) = postSolution
		SolutionGuid = {E4F9E859-D7F1-44E4-B015-CCB2CA73D4CC}
	EndGlobalSection
EndGlobal
